
Microsoft Visual Studio Solution File, Format Version 12.00
# Visual Studio Version 16
VisualStudioVersion = 16.0.31605.320
MinimumVisualStudioVersion = 10.0.40219.1
Project("{FAE04EC0-301F-11D3-BF4B-00C04F79EFBC}") = "CSharpConsole", "CSharpConsole\CSharpConsole.csproj", "{70121219-A124-433E-B340-7E7861BA99C4}"
EndProject
Global
	GlobalSection(SolutionConfigurationPlatforms) = preSolution
		Debug|Any CPU = Debug|Any CPU
		Release|Any CPU = Release|Any CPU
	EndGlobalSection
	GlobalSection(ProjectConfigurationPlatforms) = postSolution
		{70121219-A124-433E-B340-7E7861BA99C4}.Debug|Any CPU.ActiveCfg = Debug|Any CPU
		{70121219-A124-433E-B340-7E7861BA99C4}.Debug|Any CPU.Build.0 = Debug|Any CPU
		{70121219-A124-433E-B340-7E7861BA99C4}.Release|Any CPU.ActiveCfg = Release|Any CPU
		{70121219-A124-433E-B340-7E7861BA99C4}.Release|Any CPU.Build.0 = Release|Any CPU
	EndGlobalSection
	GlobalSection(SolutionProperties) = preSolution
		HideSolutionNode = FALSE
	EndGlobalSection
	GlobalSection(ExtensibilityGlobals) = postSolution
		SolutionGuid = {99DB8A13-2CD5-4824-8E81-A1BA9950663D}
	EndGlobalSection
EndGlobal
